
Microsoft Visual Studio Solution File, Format Version 12.00
# Visual Studio Version 16
VisualStudioVersion = 16.0.30907.101
MinimumVisualStudioVersion = 10.0.40219.1
Project("{FAE04EC0-301F-11D3-BF4B-00C04F79EFBC}") = "game server2", "game server2\game server2.csproj", "{2BF3DDE9-1DF6-4FD6-A95C-8299680615E3}"
EndProject
Global
	GlobalSection(SolutionConfigurationPlatforms) = preSolution
		Debug|Any CPU = Debug|Any CPU
		Release|Any CPU = Release|Any CPU
	EndGlobalSection
	GlobalSection(ProjectConfigurationPlatforms) = postSolution
		{2BF3DDE9-1DF6-4FD6-A95C-8299680615E3}.Debug|Any CPU.ActiveCfg = Debug|Any CPU
		{2BF3DDE9-1DF6-4FD6-A95C-8299680615E3}.Debug|Any CPU.Build.0 = Debug|Any CPU
		{2BF3DDE9-1DF6-4FD6-A95C-8299680615E3}.Release|Any CPU.ActiveCfg = Release|Any CPU
		{2BF3DDE9-1DF6-4FD6-A95C-8299680615E3}.Release|Any CPU.Build.0 = Release|Any CPU
	EndGlobalSection
	GlobalSection(SolutionProperties) = preSolution
		HideSolutionNode = FALSE
	EndGlobalSection
	GlobalSection(ExtensibilityGlobals) = postSolution
		SolutionGuid = {2137642A-98EE-4590-A353-B71F59E02BD1}
	EndGlobalSection
EndGlobal
